{
  "name": "11-JWT",
  "lockfileVersion": 3,
  "requires": true,
  "packages": {
    "": {
      "dependencies": {
        "jose": "^5.1.1"
      }
    },
    "node_modules/jose": {
      "version": "5.1.1",
      "resolved": "https://registry.npmjs.org/jose/-/jose-5.1.1.tgz",
      "integrity": "sha512-bfB+lNxowY49LfrBO0ITUn93JbUhxUN8I11K6oI5hJu/G6PO6fEUddVLjqdD0cQ9SXIHWXuWh7eJYwZF7Z0N/g==",
      "funding": {
        "url": "https://github.com/sponsors/panva"
      }
    }
  }
}
